
Microsoft Visual Studio Solution File, Format Version 12.00
# Visual Studio Version 16
VisualStudioVersion = 16.0.31624.102
MinimumVisualStudioVersion = 10.0.40219.1
Project("{FAE04EC0-301F-11D3-BF4B-00C04F79EFBC}") = "BookAppFrom", "BookAppFrom\BookAppFrom.csproj", "{4804AF1B-3B08-419D-B1E8-28385785A80D}"
	ProjectSection(ProjectDependencies) = postProject
		{03715726-950E-416A-B50A-FB03EFFF9069} = {03715726-950E-416A-B50A-FB03EFFF9069}
	EndProjectSection
EndProject
Project("{FAE04EC0-301F-11D3-BF4B-00C04F79EFBC}") = "BookAppLibrary", "BookAppLibrary\BookAppLibrary.csproj", "{03715726-950E-416A-B50A-FB03EFFF9069}"
EndProject
Global
	GlobalSection(SolutionConfigurationPlatforms) = preSolution
		Debug|Any CPU = Debug|Any CPU
		Release|Any CPU = Release|Any CPU
	EndGlobalSection
	GlobalSection(ProjectConfigurationPlatforms) = postSolution
		{4804AF1B-3B08-419D-B1E8-28385785A80D}.Debug|Any CPU.ActiveCfg = Debug|Any CPU
		{4804AF1B-3B08-419D-B1E8-28385785A80D}.Debug|Any CPU.Build.0 = Debug|Any CPU
		{4804AF1B-3B08-419D-B1E8-28385785A80D}.Release|Any CPU.ActiveCfg = Release|Any CPU
		{4804AF1B-3B08-419D-B1E8-28385785A80D}.Release|Any CPU.Build.0 = Release|Any CPU
		{03715726-950E-416A-B50A-FB03EFFF9069}.Debug|Any CPU.ActiveCfg = Debug|Any CPU
		{03715726-950E-416A-B50A-FB03EFFF9069}.Debug|Any CPU.Build.0 = Debug|Any CPU
		{03715726-950E-416A-B50A-FB03EFFF9069}.Release|Any CPU.ActiveCfg = Release|Any CPU
		{03715726-950E-416A-B50A-FB03EFFF9069}.Release|Any CPU.Build.0 = Release|Any CPU
	EndGlobalSection
	GlobalSection(SolutionProperties) = preSolution
		HideSolutionNode = FALSE
	EndGlobalSection
	GlobalSection(ExtensibilityGlobals) = postSolution
		SolutionGuid = {34FFDD72-43B0-4580-8344-A5CA163F27B0}
	EndGlobalSection
EndGlobal
